<?xml version="1.0" encoding="utf-8"?>
<Project ToolsVersion="4.0" xmlns="http://schemas.microsoft.com/developer/msbuild/2003">
  <ItemGroup>
    <Filter Include="Source Files">
      <UniqueIdentifier>{4FC737F1-C7A5-4376-A066-2A32D752A2FF}</UniqueIdentifier>
      <Extensions>cpp;c;cc;cxx;def;odl;idl;hpj;bat;asm;asmx</Extensions>
    </Filter>
    <Filter Include="Header Files">
      <UniqueIdentifier>{93995380-89BD-4b04-88EB-625FBE52EBFB}</UniqueIdentifier>
      <Extensions>h;hh;hpp;hxx;hm;inl;inc;ipp;xsd</Extensions>
    </Filter>
    <Filter Include="Resource Files">
      <UniqueIdentifier>{67DA6AB6-F800-4c08-8B7A-83BB121AAD01}</UniqueIdentifier>
      <Extensions>rc;ico;cur;bmp;dlg;rc2;rct;bin;rgs;gif;jpg;jpeg;jpe;resx;tiff;tif;png;wav;mfcribbon-ms</Extensions>
    </Filter>
  </ItemGroup>
  <ItemGroup>
    <ClCompile Include="Program.cpp">
      <Filter>Source Files</Filter>
    </ClCompile>
    <ClCompile Include="ReferenceWrapper\ReferenceWrapper.cpp">
      <Filter>Source Files</Filter>
    </ClCompile>
    <ClCompile Include="StaticAssert\StaticAssert.cpp">
      <Filter>Source Files</Filter>
    </ClCompile>
    <ClCompile Include="StructuredBinding\StructuredBinding.cpp">
      <Filter>Source Files</Filter>
    </ClCompile>
    <ClCompile Include="TypeTraits\TypeTraits.cpp">
      <Filter>Source Files</Filter>
    </ClCompile>
    <ClCompile Include="Initialization\Initialization.cpp">
      <Filter>Source Files</Filter>
    </ClCompile>
    <ClCompile Include="InitializerList\InitializerList.cpp">
      <Filter>Source Files</Filter>
    </ClCompile>
    <ClCompile Include="ConstExpr\ConstExpr.cpp">
      <Filter>Source Files</Filter>
    </ClCompile>
    <ClCompile Include="ConstExpr\ConstExprExtended.cpp">
      <Filter>Source Files</Filter>
    </ClCompile>
    <ClCompile Include="SharedPtr\SharedPtr.cpp">
      <Filter>Source Files</Filter>
    </ClCompile>
    <ClCompile Include="WeakPtr\WeakPtr.cpp">
      <Filter>Source Files</Filter>
    </ClCompile>
    <ClCompile Include="Casts\Casts.cpp">
      <Filter>Source Files</Filter>
    </ClCompile>
    <ClCompile Include="ConstructursOrder\ConstructorsOrder.cpp">
      <Filter>Source Files</Filter>
    </ClCompile>
    <ClCompile Include="InputOutputStreams\InputOutputStreams.cpp">
      <Filter>Source Files</Filter>
    </ClCompile>
    <ClCompile Include="RValueLValue\RValueLValue.cpp">
      <Filter>Source Files</Filter>
    </ClCompile>
    <ClCompile Include="PerfectForwarding\PerfectForwarding.cpp">
      <Filter>Source Files</Filter>
    </ClCompile>
    <ClCompile Include="MemoryLeaks\MemoryLeaks.cpp">
      <Filter>Source Files</Filter>
    </ClCompile>
    <ClCompile Include="UniquePtr\UniquePtr02.cpp">
      <Filter>Source Files</Filter>
    </ClCompile>
    <ClCompile Include="UniquePtr\UniquePtr01.cpp">
      <Filter>Source Files</Filter>
    </ClCompile>
    <ClCompile Include="Global\Dummy.cpp">
      <Filter>Source Files</Filter>
    </ClCompile>
    <ClCompile Include="TemplateStaticPolymorphism\TemplateStaticPolymorphism.cpp">
      <Filter>Source Files</Filter>
    </ClCompile>
    <ClCompile Include="TemplateTemplateParameter\TemplateTemplateParameter_02.cpp">
      <Filter>Source Files</Filter>
    </ClCompile>
    <ClCompile Include="TemplateTemplateParameter\TemplateTemplateParameter_01.cpp">
      <Filter>Source Files</Filter>
    </ClCompile>
    <ClCompile Include="Allocator\Allocator.cpp">
      <Filter>Source Files</Filter>
    </ClCompile>
    <ClCompile Include="ArrayDecay\ArrayDecay.cpp">
      <Filter>Source Files</Filter>
    </ClCompile>
    <ClCompile Include="Any\Any.cpp">
      <Filter>Source Files</Filter>
    </ClCompile>
    <ClCompile Include="Tuple\Tuples.cpp">
      <Filter>Source Files</Filter>
    </ClCompile>
    <ClCompile Include="TemplateConstexprIf\Template_ConstExpr_If.cpp">
      <Filter>Source Files</Filter>
    </ClCompile>
    <ClCompile Include="TemplatesFunctionBasics\FunctionTemplatesBasics.cpp">
      <Filter>Source Files</Filter>
    </ClCompile>
    <ClCompile Include="TemplatesClassBasics\TemplatesClassBasics01.cpp">
      <Filter>Source Files</Filter>
    </ClCompile>
    <ClCompile Include="TemplatesClassBasics\TemplatesClassBasics02.cpp">
      <Filter>Source Files</Filter>
    </ClCompile>
    <ClCompile Include="VariadicTemplates\VariadicTemplate01.cpp">
      <Filter>Source Files</Filter>
    </ClCompile>
    <ClCompile Include="Lambda\Lambda01.cpp">
      <Filter>Source Files</Filter>
    </ClCompile>
    <ClCompile Include="Accumulate\Accumulate.cpp">
      <Filter>Source Files</Filter>
    </ClCompile>
    <ClCompile Include="Variant\Variant.cpp">
      <Filter>Source Files</Filter>
    </ClCompile>
    <ClCompile Include="Optional\Optional.cpp">
      <Filter>Source Files</Filter>
    </ClCompile>
    <ClCompile Include="Explicit\Explicit.cpp">
      <Filter>Source Files</Filter>
    </ClCompile>
    <ClCompile Include="Array\Array.cpp">
      <Filter>Source Files</Filter>
    </ClCompile>
    <ClCompile Include="Lambda\Lambda03.cpp">
      <Filter>Source Files</Filter>
    </ClCompile>
    <ClCompile Include="Lambda\Lambda02.cpp">
      <Filter>Source Files</Filter>
    </ClCompile>
    <ClCompile Include="RAII\RAII01.cpp">
      <Filter>Source Files</Filter>
    </ClCompile>
    <ClCompile Include="RAII\RAII02.cpp">
      <Filter>Source Files</Filter>
    </ClCompile>
    <ClCompile Include="Literals\Literals.cpp">
      <Filter>Source Files</Filter>
    </ClCompile>
    <ClCompile Include="VariadicTemplates\VariadicTemplate09.cpp">
      <Filter>Source Files</Filter>
    </ClCompile>
    <ClCompile Include="VariadicTemplates\VariadicTemplate03.cpp">
      <Filter>Source Files</Filter>
    </ClCompile>
    <ClCompile Include="VariadicTemplates_Systematic\VariadicTemplateSystematic01.cpp">
      <Filter>Source Files</Filter>
    </ClCompile>
    <ClCompile Include="VariadicTemplates_Anwendungen\VariadicTemplate_Examples.cpp">
      <Filter>Source Files</Filter>
    </ClCompile>
    <ClCompile Include="PerfectForwarding\PerfectForwardingDummy.cpp">
      <Filter>Source Files</Filter>
    </ClCompile>
    <ClCompile Include="Allocator\AllocatorDummy.cpp">
      <Filter>Source Files</Filter>
    </ClCompile>
    <ClCompile Include="FileSystem\FileSystem.cpp">
      <Filter>Source Files</Filter>
    </ClCompile>
    <ClCompile Include="VariadicTemplates\VariadicTemplate06.cpp">
      <Filter>Source Files</Filter>
    </ClCompile>
    <ClCompile Include="VariadicTemplates\VariadicTemplate07_Mixins.cpp">
      <Filter>Source Files</Filter>
    </ClCompile>
    <ClCompile Include="VariadicTemplates\VariadicTemplate05_SumOfSums.cpp">
      <Filter>Source Files</Filter>
    </ClCompile>
    <ClCompile Include="VariadicTemplates\VariadicTemplate04_WorkingOnEveryArgument.cpp">
      <Filter>Source Files</Filter>
    </ClCompile>
    <ClCompile Include="MetaProgramming\MetaProgramming01.cpp">
      <Filter>Source Files</Filter>
    </ClCompile>
    <ClCompile Include="MetaProgramming\MetaProgramming02.cpp">
      <Filter>Source Files</Filter>
    </ClCompile>
    <ClCompile Include="VariadicTemplates\VariadicTemplate_Folding.cpp">
      <Filter>Source Files</Filter>
    </ClCompile>
  </ItemGroup>
  <ItemGroup>
    <None Include="..\Readme.md">
      <Filter>Resource Files</Filter>
    </None>
    <None Include="StaticAssert\StaticAssertion.md">
      <Filter>Resource Files</Filter>
    </None>
    <None Include="SharedPtr\SharedPtr.md">
      <Filter>Resource Files</Filter>
    </None>
    <None Include="StructuredBinding\StructuredBinding.md">
      <Filter>Resource Files</Filter>
    </None>
    <None Include="TemplatesClassBasics\TemplatesBasics.md">
      <Filter>Resource Files</Filter>
    </None>
    <None Include="ReferenceWrapper\ReferenceWrapper.md">
      <Filter>Resource Files</Filter>
    </None>
    <None Include="TemplateStaticPolymorphism\TemplatesStaticPolymorphism.md">
      <Filter>Resource Files</Filter>
    </None>
    <None Include="TemplateConstexprIf\ConstExpr_If.md">
      <Filter>Resource Files</Filter>
    </None>
    <None Include="TemplatesFunctionBasics\TemplatesFunctions.md">
      <Filter>Resource Files</Filter>
    </None>
    <None Include="TemplateTemplateParameter\TemplateTemplateParameter.md">
      <Filter>Resource Files</Filter>
    </None>
    <None Include="RAII\RAII.md">
      <Filter>Resource Files</Filter>
    </None>
    <None Include="WeakPtr\WeakPtr.md">
      <Filter>Resource Files</Filter>
    </None>
    <None Include="TypeTraits\TypeTraits.md">
      <Filter>Resource Files</Filter>
    </None>
    <None Include="VariadicTemplates_Anwendungen\VariadicTemplates02.md">
      <Filter>Resource Files</Filter>
    </None>
    <None Include="Tuple\StdTuple.md">
      <Filter>Resource Files</Filter>
    </None>
    <None Include="UsingNamespaceStd\UsingNamespaceStd.md">
      <Filter>Resource Files</Filter>
    </None>
    <None Include="VariadicTemplates_Systematic\VariadicTemplates03.md">
      <Filter>Resource Files</Filter>
    </None>
    <None Include="Variant\StdVariant.md">
      <Filter>Resource Files</Filter>
    </None>
    <None Include="ArrayDecay\ArrayDecay.md">
      <Filter>Resource Files</Filter>
    </None>
    <None Include="Accumulate\StdAccumulate.md">
      <Filter>Resource Files</Filter>
    </None>
    <None Include="Array\StdArray.md">
      <Filter>Resource Files</Filter>
    </None>
    <None Include="ConstExpr\Constexpr.md">
      <Filter>Resource Files</Filter>
    </None>
    <None Include="RValueLValue\RValueLValue.md">
      <Filter>Resource Files</Filter>
    </None>
    <None Include="Allocator\StdAllocator.md">
      <Filter>Resource Files</Filter>
    </None>
    <None Include="Casts\Casts.md">
      <Filter>Resource Files</Filter>
    </None>
    <None Include="ConstructursOrder\CtorDtorOrder.md">
      <Filter>Resource Files</Filter>
    </None>
    <None Include="Any\StdAny.md">
      <Filter>Resource Files</Filter>
    </None>
    <None Include="Literatur\Literature.md">
      <Filter>Resource Files</Filter>
    </None>
    <None Include="Literals\Literals.md">
      <Filter>Resource Files</Filter>
    </None>
    <None Include="MemoryLeaks\MemoryLeaksDetection.md">
      <Filter>Resource Files</Filter>
    </None>
    <None Include="InitializerList\StdInitializerList.md">
      <Filter>Resource Files</Filter>
    </None>
    <None Include="InputOutputStreams\Streams.md">
      <Filter>Resource Files</Filter>
    </None>
    <None Include="ParametersWithConstAndRef\ConstDeclarations.md">
      <Filter>Resource Files</Filter>
    </None>
    <None Include="PerfectForwarding\PerfectForwarding.md">
      <Filter>Resource Files</Filter>
    </None>
    <None Include="Initialization\UniformInitialization.md">
      <Filter>Resource Files</Filter>
    </None>
    <None Include="Lambda\Lambda.md">
      <Filter>Resource Files</Filter>
    </None>
    <None Include="FileSystem\FileSystem.md">
      <Filter>Resource Files</Filter>
    </None>
    <None Include="UniquePtr\UniquePtr.md">
      <Filter>Resource Files</Filter>
    </None>
    <None Include="Explicit\Explicit.md">
      <Filter>Resource Files</Filter>
    </None>
    <None Include="Optional\Optional.md">
      <Filter>Resource Files</Filter>
    </None>
    <None Include="MetaProgramming\Metaprogramming02.md">
      <Filter>Resource Files</Filter>
    </None>
    <None Include="MetaProgramming\Metaprogramming01.md">
      <Filter>Resource Files</Filter>
    </None>
    <None Include="VariadicTemplates\VariadicTemplates_01_Introduction.md">
      <Filter>Resource Files</Filter>
    </None>
    <None Include="VariadicTemplates\VariadicTemplates_02_WorkingOnEveryArgument.md">
      <Filter>Resource Files</Filter>
    </None>
    <None Include="VariadicTemplates\VariadicTemplates_03_SumOfSums.md">
      <Filter>Resource Files</Filter>
    </None>
    <None Include="VariadicTemplates\VariadicTemplates_10_Folding.md">
      <Filter>Resource Files</Filter>
    </None>
    <None Include="VariadicTemplates\VariadicTemplates_04_Mixins.md">
      <Filter>Resource Files</Filter>
    </None>
  </ItemGroup>
  <ItemGroup>
    <ClInclude Include="Global\Dummy.h">
      <Filter>Header Files</Filter>
    </ClInclude>
  </ItemGroup>
  <ItemGroup>
    <Image Include="Lambda\LambdaStructure.png">
      <Filter>Resource Files</Filter>
    </Image>
    <Image Include="VariadicTemplates\cpp_snippets_mixins_01.png">
      <Filter>Resource Files</Filter>
    </Image>
    <Image Include="VariadicTemplates\cpp_snippets_mixins_02.png">
      <Filter>Resource Files</Filter>
    </Image>
    <Image Include="MetaProgramming\euler_number.png">
      <Filter>Resource Files</Filter>
    </Image>
  </ItemGroup>
</Project>